
Microsoft Visual Studio Solution File, Format Version 12.00
Project("{FAE04EC0-301F-11D3-BF4B-00C04F79EFBC}") = "MindBoxGeometryLibrary", "MindBoxGeometryLibrary\MindBoxGeometryLibrary.csproj", "{155C132F-D446-4909-BDC0-6133CCCCDAE6}"
EndProject
Project("{FAE04EC0-301F-11D3-BF4B-00C04F79EFBC}") = "MindBoxGeometryLibrary.Tests", "MindBoxGeometryLibrary.Tests\MindBoxGeometryLibrary.Tests.csproj", "{16A64C06-102B-46F7-88E5-FED21016F3C5}"
EndProject
Global
	GlobalSection(SolutionConfigurationPlatforms) = preSolution
		Debug|Any CPU = Debug|Any CPU
		Release|Any CPU = Release|Any CPU
	EndGlobalSection
	GlobalSection(ProjectConfigurationPlatforms) = postSolution
		{155C132F-D446-4909-BDC0-6133CCCCDAE6}.Debug|Any CPU.ActiveCfg = Debug|Any CPU
		{155C132F-D446-4909-BDC0-6133CCCCDAE6}.Debug|Any CPU.Build.0 = Debug|Any CPU
		{155C132F-D446-4909-BDC0-6133CCCCDAE6}.Release|Any CPU.ActiveCfg = Release|Any CPU
		{155C132F-D446-4909-BDC0-6133CCCCDAE6}.Release|Any CPU.Build.0 = Release|Any CPU
		{16A64C06-102B-46F7-88E5-FED21016F3C5}.Debug|Any CPU.ActiveCfg = Debug|Any CPU
		{16A64C06-102B-46F7-88E5-FED21016F3C5}.Debug|Any CPU.Build.0 = Debug|Any CPU
		{16A64C06-102B-46F7-88E5-FED21016F3C5}.Release|Any CPU.ActiveCfg = Release|Any CPU
		{16A64C06-102B-46F7-88E5-FED21016F3C5}.Release|Any CPU.Build.0 = Release|Any CPU
	EndGlobalSection
EndGlobal
